
Microsoft Visual Studio Solution File, Format Version 12.00
# Visual Studio 2017
Project("{FAE04EC0-301F-11D3-BF4B-00C04F79EFBC}") = "Animation Lab", "Animation Lab.csproj", "{5AA9149C-4143-F767-1E75-3338F4D99B4B}"
EndProject
Project("{FAE04EC0-301F-11D3-BF4B-00C04F79EFBC}") = "Animation Lab.Plugins", "Animation Lab.Plugins.csproj", "{26C5D8E9-01CF-59D2-A504-2C9176E70026}"
EndProject
Project("{FAE04EC0-301F-11D3-BF4B-00C04F79EFBC}") = "Animation Lab.Editor.Plugins", "Animation Lab.Editor.Plugins.csproj", "{51A1B4A0-646C-B8E6-BFB6-ADB62676EEC1}"
EndProject
Global
	GlobalSection(SolutionConfigurationPlatforms) = preSolution
		Debug|Any CPU = Debug|Any CPU
		Release|Any CPU = Release|Any CPU
	EndGlobalSection
	GlobalSection(ProjectConfigurationPlatforms) = postSolution
		{5AA9149C-4143-F767-1E75-3338F4D99B4B}.Debug|Any CPU.ActiveCfg = Debug|Any CPU
		{5AA9149C-4143-F767-1E75-3338F4D99B4B}.Debug|Any CPU.Build.0 = Debug|Any CPU
		{5AA9149C-4143-F767-1E75-3338F4D99B4B}.Release|Any CPU.ActiveCfg = Release|Any CPU
		{5AA9149C-4143-F767-1E75-3338F4D99B4B}.Release|Any CPU.Build.0 = Release|Any CPU
		{26C5D8E9-01CF-59D2-A504-2C9176E70026}.Debug|Any CPU.ActiveCfg = Debug|Any CPU
		{26C5D8E9-01CF-59D2-A504-2C9176E70026}.Debug|Any CPU.Build.0 = Debug|Any CPU
		{26C5D8E9-01CF-59D2-A504-2C9176E70026}.Release|Any CPU.ActiveCfg = Release|Any CPU
		{26C5D8E9-01CF-59D2-A504-2C9176E70026}.Release|Any CPU.Build.0 = Release|Any CPU
		{51A1B4A0-646C-B8E6-BFB6-ADB62676EEC1}.Debug|Any CPU.ActiveCfg = Debug|Any CPU
		{51A1B4A0-646C-B8E6-BFB6-ADB62676EEC1}.Debug|Any CPU.Build.0 = Debug|Any CPU
		{51A1B4A0-646C-B8E6-BFB6-ADB62676EEC1}.Release|Any CPU.ActiveCfg = Release|Any CPU
		{51A1B4A0-646C-B8E6-BFB6-ADB62676EEC1}.Release|Any CPU.Build.0 = Release|Any CPU
	EndGlobalSection
	GlobalSection(SolutionProperties) = preSolution
		HideSolutionNode = FALSE
	EndGlobalSection
EndGlobal
