
Microsoft Visual Studio Solution File, Format Version 11.00
# Visual Studio 2010
Project("{FAE04EC0-301F-11D3-BF4B-00C04F79EFBC}") = "Animation-Lab", "Assembly-CSharp.csproj", "{9134E569-F0CD-3410-2826-165F70AEB028}"
EndProject
Project("{FAE04EC0-301F-11D3-BF4B-00C04F79EFBC}") = "Animation-Lab", "Assembly-CSharp-firstpass.csproj", "{CDA803B0-B88F-3CE4-642C-79607FA31C33}"
EndProject
Project("{FAE04EC0-301F-11D3-BF4B-00C04F79EFBC}") = "Animation-Lab", "Assembly-CSharp-Editor-firstpass.csproj", "{6550E71E-9998-C3D8-E740-6089A0656034}"
EndProject
Global
	GlobalSection(SolutionConfigurationPlatforms) = preSolution
		Debug|Any CPU = Debug|Any CPU
		Release|Any CPU = Release|Any CPU
	EndGlobalSection
	GlobalSection(ProjectConfigurationPlatforms) = postSolution
		{9134E569-F0CD-3410-2826-165F70AEB028}.Debug|Any CPU.ActiveCfg = Debug|Any CPU
		{9134E569-F0CD-3410-2826-165F70AEB028}.Debug|Any CPU.Build.0 = Debug|Any CPU
		{9134E569-F0CD-3410-2826-165F70AEB028}.Release|Any CPU.ActiveCfg = Release|Any CPU
		{9134E569-F0CD-3410-2826-165F70AEB028}.Release|Any CPU.Build.0 = Release|Any CPU
		{CDA803B0-B88F-3CE4-642C-79607FA31C33}.Debug|Any CPU.ActiveCfg = Debug|Any CPU
		{CDA803B0-B88F-3CE4-642C-79607FA31C33}.Debug|Any CPU.Build.0 = Debug|Any CPU
		{CDA803B0-B88F-3CE4-642C-79607FA31C33}.Release|Any CPU.ActiveCfg = Release|Any CPU
		{CDA803B0-B88F-3CE4-642C-79607FA31C33}.Release|Any CPU.Build.0 = Release|Any CPU
		{6550E71E-9998-C3D8-E740-6089A0656034}.Debug|Any CPU.ActiveCfg = Debug|Any CPU
		{6550E71E-9998-C3D8-E740-6089A0656034}.Debug|Any CPU.Build.0 = Debug|Any CPU
		{6550E71E-9998-C3D8-E740-6089A0656034}.Release|Any CPU.ActiveCfg = Release|Any CPU
		{6550E71E-9998-C3D8-E740-6089A0656034}.Release|Any CPU.Build.0 = Release|Any CPU
	EndGlobalSection
	GlobalSection(SolutionProperties) = preSolution
		HideSolutionNode = FALSE
	EndGlobalSection
	GlobalSection(MonoDevelopProperties) = preSolution
		StartupItem = Assembly-CSharp.csproj
	EndGlobalSection
EndGlobal
